
Microsoft Visual Studio Solution File, Format Version 12.00
# Visual Studio Version 17
VisualStudioVersion = 17.0.32002.185
MinimumVisualStudioVersion = 10.0.40219.1
Project("{FAE04EC0-301F-11D3-BF4B-00C04F79EFBC}") = "Simplic.MessageBroker", "Simplic.MessageBroker\Simplic.MessageBroker.csproj", "{E2DD675D-EB73-47BE-A7E8-3C07A2157656}"
EndProject
Project("{FAE04EC0-301F-11D3-BF4B-00C04F79EFBC}") = "Simplic.MessageBroker.Service", "Simplic.MessageBroker.Service\Simplic.MessageBroker.Service.csproj", "{AA606ADE-49B4-4E5B-8486-4031A92BC317}"
EndProject
Project("{FAE04EC0-301F-11D3-BF4B-00C04F79EFBC}") = "Simplic.MessageBroker.RabbitMQ", "Simplic.MessageBroker.RabbitMQ\Simplic.MessageBroker.RabbitMQ.csproj", "{A30B9A49-D390-4931-B790-37F88D0B9905}"
EndProject
Project("{2150E333-8FDC-42A3-9474-1A3956D46DE8}") = "ENV", "ENV", "{A667E5BB-B01F-48F6-9F81-89342504A9E0}"
	ProjectSection(SolutionItems) = preProject
		..\azure-pipelines.yml = ..\azure-pipelines.yml
		..\README.md = ..\README.md
		..\release-notes.xml = ..\release-notes.xml
	EndProjectSection
EndProject
Project("{FAE04EC0-301F-11D3-BF4B-00C04F79EFBC}") = "Simplic.MessageBroker.Service.Test", "Simplic.MessageBroker.Service.Test\Simplic.MessageBroker.Service.Test.csproj", "{AA218066-6A3A-415D-9112-F2A49B3222D7}"
EndProject
Global
	GlobalSection(SolutionConfigurationPlatforms) = preSolution
		Debug|Any CPU = Debug|Any CPU
		Release|Any CPU = Release|Any CPU
	EndGlobalSection
	GlobalSection(ProjectConfigurationPlatforms) = postSolution
		{E2DD675D-EB73-47BE-A7E8-3C07A2157656}.Debug|Any CPU.ActiveCfg = Debug|Any CPU
		{E2DD675D-EB73-47BE-A7E8-3C07A2157656}.Debug|Any CPU.Build.0 = Debug|Any CPU
		{E2DD675D-EB73-47BE-A7E8-3C07A2157656}.Release|Any CPU.ActiveCfg = Release|Any CPU
		{E2DD675D-EB73-47BE-A7E8-3C07A2157656}.Release|Any CPU.Build.0 = Release|Any CPU
		{AA606ADE-49B4-4E5B-8486-4031A92BC317}.Debug|Any CPU.ActiveCfg = Debug|Any CPU
		{AA606ADE-49B4-4E5B-8486-4031A92BC317}.Debug|Any CPU.Build.0 = Debug|Any CPU
		{AA606ADE-49B4-4E5B-8486-4031A92BC317}.Release|Any CPU.ActiveCfg = Release|Any CPU
		{AA606ADE-49B4-4E5B-8486-4031A92BC317}.Release|Any CPU.Build.0 = Release|Any CPU
		{A30B9A49-D390-4931-B790-37F88D0B9905}.Debug|Any CPU.ActiveCfg = Debug|Any CPU
		{A30B9A49-D390-4931-B790-37F88D0B9905}.Debug|Any CPU.Build.0 = Debug|Any CPU
		{A30B9A49-D390-4931-B790-37F88D0B9905}.Release|Any CPU.ActiveCfg = Release|Any CPU
		{A30B9A49-D390-4931-B790-37F88D0B9905}.Release|Any CPU.Build.0 = Release|Any CPU
		{AA218066-6A3A-415D-9112-F2A49B3222D7}.Debug|Any CPU.ActiveCfg = Debug|Any CPU
		{AA218066-6A3A-415D-9112-F2A49B3222D7}.Debug|Any CPU.Build.0 = Debug|Any CPU
		{AA218066-6A3A-415D-9112-F2A49B3222D7}.Release|Any CPU.ActiveCfg = Release|Any CPU
		{AA218066-6A3A-415D-9112-F2A49B3222D7}.Release|Any CPU.Build.0 = Release|Any CPU
	EndGlobalSection
	GlobalSection(SolutionProperties) = preSolution
		HideSolutionNode = FALSE
	EndGlobalSection
	GlobalSection(ExtensibilityGlobals) = postSolution
		SolutionGuid = {D7A78AC2-7529-4F48-B79C-885060054898}
	EndGlobalSection
EndGlobal
